Microsoft Visual Studio Solution File, Format Version 11.00
# Visual Studio 2008

Project("{01CEE47B-4465-F663-CF43-44C660DCA15B}") = "KnightlyTales copy", "Assembly-CSharp-firstpass.csproj", "{BFCF2463-4109-215E-F1C4-900D18FCC9ED}"
EndProject
Project("{01CEE47B-4465-F663-CF43-44C660DCA15B}") = "KnightlyTales copy", "Assembly-CSharp.csproj", "{B3663C64-CB31-734C-0C81-68B82CD3CDE9}"
EndProject
Project("{01CEE47B-4465-F663-CF43-44C660DCA15B}") = "KnightlyTales copy", "Assembly-CSharp-Editor.csproj", "{81330796-A8D5-C862-5F03-49B72747F06B}"
EndProject
Global
	GlobalSection(SolutionConfigurationPlatforms) = preSolution
		Debug|Any CPU = Debug|Any CPU
		Release|Any CPU = Release|Any CPU
	EndGlobalSection
	GlobalSection(ProjectConfigurationPlatforms) = postSolution
		{BFCF2463-4109-215E-F1C4-900D18FCC9ED}.Debug|Any CPU.ActiveCfg = Debug|Any CPU
		{BFCF2463-4109-215E-F1C4-900D18FCC9ED}.Debug|Any CPU.Build.0 = Debug|Any CPU
		{BFCF2463-4109-215E-F1C4-900D18FCC9ED}.Release|Any CPU.ActiveCfg = Release|Any CPU
		{BFCF2463-4109-215E-F1C4-900D18FCC9ED}.Release|Any CPU.Build.0 = Release|Any CPU
		{B3663C64-CB31-734C-0C81-68B82CD3CDE9}.Debug|Any CPU.ActiveCfg = Debug|Any CPU
		{B3663C64-CB31-734C-0C81-68B82CD3CDE9}.Debug|Any CPU.Build.0 = Debug|Any CPU
		{B3663C64-CB31-734C-0C81-68B82CD3CDE9}.Release|Any CPU.ActiveCfg = Release|Any CPU
		{B3663C64-CB31-734C-0C81-68B82CD3CDE9}.Release|Any CPU.Build.0 = Release|Any CPU
		{81330796-A8D5-C862-5F03-49B72747F06B}.Debug|Any CPU.ActiveCfg = Debug|Any CPU
		{81330796-A8D5-C862-5F03-49B72747F06B}.Debug|Any CPU.Build.0 = Debug|Any CPU
		{81330796-A8D5-C862-5F03-49B72747F06B}.Release|Any CPU.ActiveCfg = Release|Any CPU
		{81330796-A8D5-C862-5F03-49B72747F06B}.Release|Any CPU.Build.0 = Release|Any CPU
	EndGlobalSection
	GlobalSection(SolutionProperties) = preSolution
		HideSolutionNode = FALSE
	EndGlobalSection
														GlobalSection(MonoDevelopProperties) = preSolution
		StartupItem = Assembly-CSharp.csproj
		Policies = $0
		$0.TextStylePolicy = $1
		$1.inheritsSet = null
		$1.scope = text/x-csharp
		$0.CSharpFormattingPolicy = $2
		$2.inheritsSet = Mono
		$2.inheritsScope = text/x-csharp
		$2.scope = text/x-csharp
		$0.TextStylePolicy = $3
		$3.FileWidth = 120
		$3.TabWidth = 4
		$3.IndentWidth = 4
		$3.EolMarker = Unix
		$3.inheritsSet = Mono
		$3.inheritsScope = text/plain
		$3.scope = text/plain
	EndGlobalSection

EndGlobal
