Microsoft Visual Studio Solution File, Format Version 11.00
# Visual Studio 2008

Project("{1B267144-CB56-C9F5-00D8-C9C620D67668}") = "KnightlyTales", "Assembly-CSharp-firstpass.csproj", "{541BEADB-FEF9-0C13-F0B2-A0451A9C67CA}"
EndProject
Project("{1B267144-CB56-C9F5-00D8-C9C620D67668}") = "KnightlyTales", "Assembly-CSharp.csproj", "{107847C7-4D9A-E3BA-6663-4F815331B782}"
EndProject
Project("{1B267144-CB56-C9F5-00D8-C9C620D67668}") = "KnightlyTales", "Assembly-CSharp-Editor.csproj", "{FD304790-DE59-2912-717D-8AC7F1CDC906}"
EndProject
Global
	GlobalSection(SolutionConfigurationPlatforms) = preSolution
		Debug|Any CPU = Debug|Any CPU
		Release|Any CPU = Release|Any CPU
	EndGlobalSection
	GlobalSection(ProjectConfigurationPlatforms) = postSolution
		{541BEADB-FEF9-0C13-F0B2-A0451A9C67CA}.Debug|Any CPU.ActiveCfg = Debug|Any CPU
		{541BEADB-FEF9-0C13-F0B2-A0451A9C67CA}.Debug|Any CPU.Build.0 = Debug|Any CPU
		{541BEADB-FEF9-0C13-F0B2-A0451A9C67CA}.Release|Any CPU.ActiveCfg = Release|Any CPU
		{541BEADB-FEF9-0C13-F0B2-A0451A9C67CA}.Release|Any CPU.Build.0 = Release|Any CPU
		{107847C7-4D9A-E3BA-6663-4F815331B782}.Debug|Any CPU.ActiveCfg = Debug|Any CPU
		{107847C7-4D9A-E3BA-6663-4F815331B782}.Debug|Any CPU.Build.0 = Debug|Any CPU
		{107847C7-4D9A-E3BA-6663-4F815331B782}.Release|Any CPU.ActiveCfg = Release|Any CPU
		{107847C7-4D9A-E3BA-6663-4F815331B782}.Release|Any CPU.Build.0 = Release|Any CPU
		{FD304790-DE59-2912-717D-8AC7F1CDC906}.Debug|Any CPU.ActiveCfg = Debug|Any CPU
		{FD304790-DE59-2912-717D-8AC7F1CDC906}.Debug|Any CPU.Build.0 = Debug|Any CPU
		{FD304790-DE59-2912-717D-8AC7F1CDC906}.Release|Any CPU.ActiveCfg = Release|Any CPU
		{FD304790-DE59-2912-717D-8AC7F1CDC906}.Release|Any CPU.Build.0 = Release|Any CPU
	EndGlobalSection
	GlobalSection(SolutionProperties) = preSolution
		HideSolutionNode = FALSE
	EndGlobalSection
				GlobalSection(MonoDevelopProperties) = preSolution
		StartupItem = Assembly-CSharp.csproj
		Policies = $0
		$0.TextStylePolicy = $1
		$1.inheritsSet = null
		$1.scope = text/x-csharp
		$0.CSharpFormattingPolicy = $2
		$2.inheritsSet = Mono
		$2.inheritsScope = text/x-csharp
		$2.scope = text/x-csharp
		$0.TextStylePolicy = $3
		$3.FileWidth = 120
		$3.TabWidth = 4
		$3.IndentWidth = 4
		$3.EolMarker = Unix
		$3.inheritsSet = Mono
		$3.inheritsScope = text/plain
		$3.scope = text/plain
	EndGlobalSection

EndGlobal
